
Microsoft Visual Studio Solution File, Format Version 12.00
# Visual Studio Version 16
VisualStudioVersion = 16.0.29519.181
MinimumVisualStudioVersion = 10.0.40219.1
Project("{FAE04EC0-301F-11D3-BF4B-00C04F79EFBC}") = "leon4s4.tools", "leon4s4.tools\leon4s4.tools.csproj", "{9B613E2F-7851-4806-AC95-2E431AF0B05E}"
EndProject
Project("{9A19103F-16F7-4668-BE54-9A1E7A4F7556}") = "coding", "coding\coding.csproj", "{396651D7-FC81-4A90-8793-7310AB06D5A3}"
EndProject
Project("{FAE04EC0-301F-11D3-BF4B-00C04F79EFBC}") = "codingTests", "codingTests\codingTests.csproj", "{1153D3F3-6A2F-499B-996A-4DC2265D0C42}"
EndProject
Global
	GlobalSection(SolutionConfigurationPlatforms) = preSolution
		Debug|Any CPU = Debug|Any CPU
		Release|Any CPU = Release|Any CPU
	EndGlobalSection
	GlobalSection(ProjectConfigurationPlatforms) = postSolution
		{9B613E2F-7851-4806-AC95-2E431AF0B05E}.Debug|Any CPU.ActiveCfg = Debug|Any CPU
		{9B613E2F-7851-4806-AC95-2E431AF0B05E}.Debug|Any CPU.Build.0 = Debug|Any CPU
		{9B613E2F-7851-4806-AC95-2E431AF0B05E}.Release|Any CPU.ActiveCfg = Release|Any CPU
		{9B613E2F-7851-4806-AC95-2E431AF0B05E}.Release|Any CPU.Build.0 = Release|Any CPU
		{396651D7-FC81-4A90-8793-7310AB06D5A3}.Debug|Any CPU.ActiveCfg = Debug|Any CPU
		{396651D7-FC81-4A90-8793-7310AB06D5A3}.Debug|Any CPU.Build.0 = Debug|Any CPU
		{396651D7-FC81-4A90-8793-7310AB06D5A3}.Release|Any CPU.ActiveCfg = Release|Any CPU
		{396651D7-FC81-4A90-8793-7310AB06D5A3}.Release|Any CPU.Build.0 = Release|Any CPU
		{1153D3F3-6A2F-499B-996A-4DC2265D0C42}.Debug|Any CPU.ActiveCfg = Debug|Any CPU
		{1153D3F3-6A2F-499B-996A-4DC2265D0C42}.Debug|Any CPU.Build.0 = Debug|Any CPU
		{1153D3F3-6A2F-499B-996A-4DC2265D0C42}.Release|Any CPU.ActiveCfg = Release|Any CPU
		{1153D3F3-6A2F-499B-996A-4DC2265D0C42}.Release|Any CPU.Build.0 = Release|Any CPU
	EndGlobalSection
	GlobalSection(SolutionProperties) = preSolution
		HideSolutionNode = FALSE
	EndGlobalSection
	GlobalSection(ExtensibilityGlobals) = postSolution
		SolutionGuid = {00B954F8-D0C4-4FFC-B3FE-12264D4833EB}
	EndGlobalSection
EndGlobal
